
Microsoft Visual Studio Solution File, Format Version 12.00
# Visual Studio Version 16
VisualStudioVersion = 16.0.30717.126
MinimumVisualStudioVersion = 10.0.40219.1
Project("{FAE04EC0-301F-11D3-BF4B-00C04F79EFBC}") = "MessageBrokerSolution", "MessageBrokerSolution.csproj", "{F04BB7F5-3896-4670-9969-874DE6F591CF}"
EndProject
Project("{FAE04EC0-301F-11D3-BF4B-00C04F79EFBC}") = "MessageBrokerTest", "..\MessageBrokerTest\MessageBrokerTest.csproj", "{2687E52B-DF2C-45CE-9FE2-C11E06349386}"
EndProject
Global
	GlobalSection(SolutionConfigurationPlatforms) = preSolution
		Debug|Any CPU = Debug|Any CPU
		Release|Any CPU = Release|Any CPU
	EndGlobalSection
	GlobalSection(ProjectConfigurationPlatforms) = postSolution
		{F04BB7F5-3896-4670-9969-874DE6F591CF}.Debug|Any CPU.ActiveCfg = Debug|Any CPU
		{F04BB7F5-3896-4670-9969-874DE6F591CF}.Debug|Any CPU.Build.0 = Debug|Any CPU
		{F04BB7F5-3896-4670-9969-874DE6F591CF}.Release|Any CPU.ActiveCfg = Release|Any CPU
		{F04BB7F5-3896-4670-9969-874DE6F591CF}.Release|Any CPU.Build.0 = Release|Any CPU
		{2687E52B-DF2C-45CE-9FE2-C11E06349386}.Debug|Any CPU.ActiveCfg = Debug|Any CPU
		{2687E52B-DF2C-45CE-9FE2-C11E06349386}.Debug|Any CPU.Build.0 = Debug|Any CPU
		{2687E52B-DF2C-45CE-9FE2-C11E06349386}.Release|Any CPU.ActiveCfg = Release|Any CPU
		{2687E52B-DF2C-45CE-9FE2-C11E06349386}.Release|Any CPU.Build.0 = Release|Any CPU
	EndGlobalSection
	GlobalSection(SolutionProperties) = preSolution
		HideSolutionNode = FALSE
	EndGlobalSection
	GlobalSection(ExtensibilityGlobals) = postSolution
		SolutionGuid = {49128341-3AE9-4831-A610-3DF17E31EDA2}
	EndGlobalSection
EndGlobal
